
Microsoft Visual Studio Solution File, Format Version 12.00
# Visual Studio Version 16
VisualStudioVersion = 16.0.28803.202
MinimumVisualStudioVersion = 10.0.40219.1
Project("{F184B08F-C81C-45F6-A57F-5ABD9991F28F}") = "Variables_consola", "Variables_consola\Variables_consola.vbproj", "{EC2D1095-5791-4974-A05B-5B1CB80571E7}"
EndProject
Global
	GlobalSection(SolutionConfigurationPlatforms) = preSolution
		Debug|Any CPU = Debug|Any CPU
		Release|Any CPU = Release|Any CPU
	EndGlobalSection
	GlobalSection(ProjectConfigurationPlatforms) = postSolution
		{EC2D1095-5791-4974-A05B-5B1CB80571E7}.Debug|Any CPU.ActiveCfg = Debug|Any CPU
		{EC2D1095-5791-4974-A05B-5B1CB80571E7}.Debug|Any CPU.Build.0 = Debug|Any CPU
		{EC2D1095-5791-4974-A05B-5B1CB80571E7}.Release|Any CPU.ActiveCfg = Release|Any CPU
		{EC2D1095-5791-4974-A05B-5B1CB80571E7}.Release|Any CPU.Build.0 = Release|Any CPU
	EndGlobalSection
	GlobalSection(SolutionProperties) = preSolution
		HideSolutionNode = FALSE
	EndGlobalSection
	GlobalSection(ExtensibilityGlobals) = postSolution
		SolutionGuid = {70BA343D-F78D-45C6-B5D9-913585C04F30}
	EndGlobalSection
EndGlobal
