
Microsoft Visual Studio Solution File, Format Version 12.00
# Visual Studio Version 16
VisualStudioVersion = 16.0.28803.202
MinimumVisualStudioVersion = 10.0.40219.1
Project("{F184B08F-C81C-45F6-A57F-5ABD9991F28F}") = "Variables_consola", "Variables_consola\Variables_consola.vbproj", "{DBB329EF-F736-45EE-973B-7D72D2BE7A7B}"
EndProject
Global
	GlobalSection(SolutionConfigurationPlatforms) = preSolution
		Debug|Any CPU = Debug|Any CPU
		Release|Any CPU = Release|Any CPU
	EndGlobalSection
	GlobalSection(ProjectConfigurationPlatforms) = postSolution
		{DBB329EF-F736-45EE-973B-7D72D2BE7A7B}.Debug|Any CPU.ActiveCfg = Debug|Any CPU
		{DBB329EF-F736-45EE-973B-7D72D2BE7A7B}.Debug|Any CPU.Build.0 = Debug|Any CPU
		{DBB329EF-F736-45EE-973B-7D72D2BE7A7B}.Release|Any CPU.ActiveCfg = Release|Any CPU
		{DBB329EF-F736-45EE-973B-7D72D2BE7A7B}.Release|Any CPU.Build.0 = Release|Any CPU
	EndGlobalSection
	GlobalSection(SolutionProperties) = preSolution
		HideSolutionNode = FALSE
	EndGlobalSection
	GlobalSection(ExtensibilityGlobals) = postSolution
		SolutionGuid = {4D8F753E-A40E-45F0-8A92-0C326454D305}
	EndGlobalSection
EndGlobal
