
Microsoft Visual Studio Solution File, Format Version 12.00
# Visual Studio Version 16
VisualStudioVersion = 16.0.28803.202
MinimumVisualStudioVersion = 10.0.40219.1
Project("{F184B08F-C81C-45F6-A57F-5ABD9991F28F}") = "variables_consola", "variables_consola\variables_consola.vbproj", "{C9819660-A44B-4E2C-B7D0-28A4A1BD3809}"
EndProject
Global
	GlobalSection(SolutionConfigurationPlatforms) = preSolution
		Debug|Any CPU = Debug|Any CPU
		Release|Any CPU = Release|Any CPU
	EndGlobalSection
	GlobalSection(ProjectConfigurationPlatforms) = postSolution
		{C9819660-A44B-4E2C-B7D0-28A4A1BD3809}.Debug|Any CPU.ActiveCfg = Debug|Any CPU
		{C9819660-A44B-4E2C-B7D0-28A4A1BD3809}.Debug|Any CPU.Build.0 = Debug|Any CPU
		{C9819660-A44B-4E2C-B7D0-28A4A1BD3809}.Release|Any CPU.ActiveCfg = Release|Any CPU
		{C9819660-A44B-4E2C-B7D0-28A4A1BD3809}.Release|Any CPU.Build.0 = Release|Any CPU
	EndGlobalSection
	GlobalSection(SolutionProperties) = preSolution
		HideSolutionNode = FALSE
	EndGlobalSection
	GlobalSection(ExtensibilityGlobals) = postSolution
		SolutionGuid = {7C5880C2-013C-47D9-ACC0-140594D83E7C}
	EndGlobalSection
EndGlobal
