
Microsoft Visual Studio Solution File, Format Version 12.00
# Visual Studio Version 16
VisualStudioVersion = 16.0.28803.352
MinimumVisualStudioVersion = 10.0.40219.1
Project("{F184B08F-C81C-45F6-A57F-5ABD9991F28F}") = "Refrase", "Refrase\Refrase.vbproj", "{AFA456DA-38CA-42CF-9EA2-B172401F3C4D}"
EndProject
Global
	GlobalSection(SolutionConfigurationPlatforms) = preSolution
		Debug|Any CPU = Debug|Any CPU
		Release|Any CPU = Release|Any CPU
	EndGlobalSection
	GlobalSection(ProjectConfigurationPlatforms) = postSolution
		{AFA456DA-38CA-42CF-9EA2-B172401F3C4D}.Debug|Any CPU.ActiveCfg = Debug|Any CPU
		{AFA456DA-38CA-42CF-9EA2-B172401F3C4D}.Debug|Any CPU.Build.0 = Debug|Any CPU
		{AFA456DA-38CA-42CF-9EA2-B172401F3C4D}.Release|Any CPU.ActiveCfg = Release|Any CPU
		{AFA456DA-38CA-42CF-9EA2-B172401F3C4D}.Release|Any CPU.Build.0 = Release|Any CPU
	EndGlobalSection
	GlobalSection(SolutionProperties) = preSolution
		HideSolutionNode = FALSE
	EndGlobalSection
	GlobalSection(ExtensibilityGlobals) = postSolution
		SolutionGuid = {4839324E-6F60-4444-B42C-66B1A47F3FC6}
	EndGlobalSection
EndGlobal
